
Microsoft Visual Studio Solution File, Format Version 12.00
# Visual Studio Version 16
VisualStudioVersion = 16.0.29709.97
MinimumVisualStudioVersion = 10.0.40219.1
Project("{F184B08F-C81C-45F6-A57F-5ABD9991F28F}") = "Ch4_Problem_16", "Ch4_Problem_16.vbproj", "{944278C8-E286-4619-A697-AC8DDCEC83F8}"
EndProject
Global
	GlobalSection(SolutionConfigurationPlatforms) = preSolution
		Debug|Any CPU = Debug|Any CPU
		Release|Any CPU = Release|Any CPU
	EndGlobalSection
	GlobalSection(ProjectConfigurationPlatforms) = postSolution
		{944278C8-E286-4619-A697-AC8DDCEC83F8}.Debug|Any CPU.ActiveCfg = Debug|Any CPU
		{944278C8-E286-4619-A697-AC8DDCEC83F8}.Debug|Any CPU.Build.0 = Debug|Any CPU
		{944278C8-E286-4619-A697-AC8DDCEC83F8}.Release|Any CPU.ActiveCfg = Release|Any CPU
		{944278C8-E286-4619-A697-AC8DDCEC83F8}.Release|Any CPU.Build.0 = Release|Any CPU
	EndGlobalSection
	GlobalSection(SolutionProperties) = preSolution
		HideSolutionNode = FALSE
	EndGlobalSection
	GlobalSection(ExtensibilityGlobals) = postSolution
		SolutionGuid = {5674EAB0-EEC7-4FE8-B0DC-3D72A5855551}
	EndGlobalSection
EndGlobal
